
Microsoft Visual Studio Solution File, Format Version 12.00
# Visual Studio Version 16
VisualStudioVersion = 16.0.34031.81
MinimumVisualStudioVersion = 10.0.40219.1
Project("{FAE04EC0-301F-11D3-BF4B-00C04F79EFBC}") = "ExamWeb_TranMinhTuyen", "ExamWeb_TranMinhTuyen\ExamWeb_TranMinhTuyen.csproj", "{6E81A5A6-7456-46F4-99A1-16E55703EDD8}"
EndProject
Global
	GlobalSection(SolutionConfigurationPlatforms) = preSolution
		Debug|Any CPU = Debug|Any CPU
		Release|Any CPU = Release|Any CPU
	EndGlobalSection
	GlobalSection(ProjectConfigurationPlatforms) = postSolution
		{6E81A5A6-7456-46F4-99A1-16E55703EDD8}.Debug|Any CPU.ActiveCfg = Debug|Any CPU
		{6E81A5A6-7456-46F4-99A1-16E55703EDD8}.Debug|Any CPU.Build.0 = Debug|Any CPU
		{6E81A5A6-7456-46F4-99A1-16E55703EDD8}.Release|Any CPU.ActiveCfg = Release|Any CPU
		{6E81A5A6-7456-46F4-99A1-16E55703EDD8}.Release|Any CPU.Build.0 = Release|Any CPU
	EndGlobalSection
	GlobalSection(SolutionProperties) = preSolution
		HideSolutionNode = FALSE
	EndGlobalSection
	GlobalSection(ExtensibilityGlobals) = postSolution
		SolutionGuid = {01CED63A-3BA5-43BF-A562-CCCD307FB74C}
	EndGlobalSection
EndGlobal
